
Microsoft Visual Studio Solution File, Format Version 12.00
# Visual Studio 15
VisualStudioVersion = 15.0.27130.2036
MinimumVisualStudioVersion = 10.0.40219.1
Project("{2150E333-8FDC-42A3-9474-1A3956D46DE8}") = "1. DAL", "1. DAL", "{A7017659-72C8-410C-9C3C-CA81F77CEAC8}"
EndProject
Project("{2150E333-8FDC-42A3-9474-1A3956D46DE8}") = "2. Framework", "2. Framework", "{0BF4C960-E1DF-4D6C-8BA1-6A9AFB5CBE93}"
EndProject
Project("{2150E333-8FDC-42A3-9474-1A3956D46DE8}") = "3. BL", "3. BL", "{134BB266-9712-45AD-ADA1-645DE42A68E1}"
EndProject
Project("{2150E333-8FDC-42A3-9474-1A3956D46DE8}") = "4. IOC", "4. IOC", "{1329A1A7-18A9-4531-ABE2-766FF8B27CC9}"
EndProject
Project("{2150E333-8FDC-42A3-9474-1A3956D46DE8}") = "5. FrontEnd", "5. FrontEnd", "{C4D2D456-1162-4E1D-90A8-154308486053}"
EndProject
Project("{2150E333-8FDC-42A3-9474-1A3956D46DE8}") = "6. UnitTests", "6. UnitTests", "{BAD5407B-409A-491A-A754-A6FA891E77AF}"
EndProject
Project("{FAE04EC0-301F-11D3-BF4B-00C04F79EFBC}") = "BaselineSolution.DAL", "BaselineSolution.DAL\BaselineSolution.DAL.csproj", "{461B7026-0A17-44E9-8DCF-09B8DE204940}"
EndProject
Project("{FAE04EC0-301F-11D3-BF4B-00C04F79EFBC}") = "BaselineSolution.Framework", "BaselineSolution.Framework\BaselineSolution.Framework.csproj", "{804156A9-9126-443E-B5DA-9A701AD742DE}"
EndProject
Project("{FAE04EC0-301F-11D3-BF4B-00C04F79EFBC}") = "BaselineSolution.Bo", "BaselineSolution.Bo\BaselineSolution.Bo.csproj", "{2870D474-8605-4727-94DA-8EE759F7EBA6}"
EndProject
Project("{FAE04EC0-301F-11D3-BF4B-00C04F79EFBC}") = "BaselineSolution.Facade", "BaselineSolution.Facade\BaselineSolution.Facade.csproj", "{3A7FA480-BD89-4320-8DA4-439D63CEF814}"
EndProject
Project("{FAE04EC0-301F-11D3-BF4B-00C04F79EFBC}") = "BaselineSolution.Service", "BaselineSolution.Service\BaselineSolution.Service.csproj", "{7273FA8C-D6DE-4AE7-8A3D-6BFE13913A7C}"
EndProject
Project("{FAE04EC0-301F-11D3-BF4B-00C04F79EFBC}") = "BaselineSolution.IOC", "BaselineSolution.IOC\BaselineSolution.IOC.csproj", "{8794E0E4-2029-4AB8-830D-04AB160FCFC2}"
EndProject
Project("{FAE04EC0-301F-11D3-BF4B-00C04F79EFBC}") = "BaselineSolution.WebApp", "BaselineSolution.WebApp\BaselineSolution.WebApp.csproj", "{E955997A-5543-4F99-BF02-57A02B9115DF}"
EndProject
Project("{FAE04EC0-301F-11D3-BF4B-00C04F79EFBC}") = "BaselineSolution.WebApp.Components", "BaselineSolution.WebApp.Components\BaselineSolution.WebApp.Components.csproj", "{CAD078FF-FF12-42B1-969C-756AC9162323}"
EndProject
Project("{FAE04EC0-301F-11D3-BF4B-00C04F79EFBC}") = "BaselineSolution.WebApp.Resources", "BaselineSolution.WebApp.Resources\BaselineSolution.WebApp.Resources.csproj", "{1C166D87-3869-4E6B-BD94-5B675DCA5573}"
EndProject
Project("{FAE04EC0-301F-11D3-BF4B-00C04F79EFBC}") = "BaselineSolution.Tests", "ServiceTests\BaselineSolution.Tests.csproj", "{89E3DEED-9BE7-4015-8931-2DE183529D86}"
EndProject
Project("{FAE04EC0-301F-11D3-BF4B-00C04F79EFBC}") = "BaselineSolution.WebApi", "BaselineSolution.WebApi\BaselineSolution.WebApi.csproj", "{88856208-4A8E-4280-B085-3B08B2871330}"
EndProject
Project("{FAE04EC0-301F-11D3-BF4B-00C04F79EFBC}") = "BasaelineSolution.WebApi.Tests", "BasaelineSolution.WebApi.Tests\BasaelineSolution.WebApi.Tests.csproj", "{95D7E7D2-BF1B-43E2-8F2D-6192243D1312}"
EndProject
Project("{FAE04EC0-301F-11D3-BF4B-00C04F79EFBC}") = "BaselineSolution.Service.Tests", "BaselineSolution.Service.Tests\BaselineSolution.Service.Tests.csproj", "{DC06C48B-97BF-42B9-80D9-4DA3AA36E9C1}"
EndProject
Global
	GlobalSection(SolutionConfigurationPlatforms) = preSolution
		Debug|Any CPU = Debug|Any CPU
		Release|Any CPU = Release|Any CPU
	EndGlobalSection
	GlobalSection(ProjectConfigurationPlatforms) = postSolution
		{461B7026-0A17-44E9-8DCF-09B8DE204940}.Debug|Any CPU.ActiveCfg = Debug|Any CPU
		{461B7026-0A17-44E9-8DCF-09B8DE204940}.Debug|Any CPU.Build.0 = Debug|Any CPU
		{461B7026-0A17-44E9-8DCF-09B8DE204940}.Release|Any CPU.ActiveCfg = Release|Any CPU
		{461B7026-0A17-44E9-8DCF-09B8DE204940}.Release|Any CPU.Build.0 = Release|Any CPU
		{804156A9-9126-443E-B5DA-9A701AD742DE}.Debug|Any CPU.ActiveCfg = Debug|Any CPU
		{804156A9-9126-443E-B5DA-9A701AD742DE}.Debug|Any CPU.Build.0 = Debug|Any CPU
		{804156A9-9126-443E-B5DA-9A701AD742DE}.Release|Any CPU.ActiveCfg = Release|Any CPU
		{804156A9-9126-443E-B5DA-9A701AD742DE}.Release|Any CPU.Build.0 = Release|Any CPU
		{2870D474-8605-4727-94DA-8EE759F7EBA6}.Debug|Any CPU.ActiveCfg = Debug|Any CPU
		{2870D474-8605-4727-94DA-8EE759F7EBA6}.Debug|Any CPU.Build.0 = Debug|Any CPU
		{2870D474-8605-4727-94DA-8EE759F7EBA6}.Release|Any CPU.ActiveCfg = Release|Any CPU
		{2870D474-8605-4727-94DA-8EE759F7EBA6}.Release|Any CPU.Build.0 = Release|Any CPU
		{3A7FA480-BD89-4320-8DA4-439D63CEF814}.Debug|Any CPU.ActiveCfg = Debug|Any CPU
		{3A7FA480-BD89-4320-8DA4-439D63CEF814}.Debug|Any CPU.Build.0 = Debug|Any CPU
		{3A7FA480-BD89-4320-8DA4-439D63CEF814}.Release|Any CPU.ActiveCfg = Release|Any CPU
		{3A7FA480-BD89-4320-8DA4-439D63CEF814}.Release|Any CPU.Build.0 = Release|Any CPU
		{7273FA8C-D6DE-4AE7-8A3D-6BFE13913A7C}.Debug|Any CPU.ActiveCfg = Debug|Any CPU
		{7273FA8C-D6DE-4AE7-8A3D-6BFE13913A7C}.Debug|Any CPU.Build.0 = Debug|Any CPU
		{7273FA8C-D6DE-4AE7-8A3D-6BFE13913A7C}.Release|Any CPU.ActiveCfg = Release|Any CPU
		{7273FA8C-D6DE-4AE7-8A3D-6BFE13913A7C}.Release|Any CPU.Build.0 = Release|Any CPU
		{8794E0E4-2029-4AB8-830D-04AB160FCFC2}.Debug|Any CPU.ActiveCfg = Debug|Any CPU
		{8794E0E4-2029-4AB8-830D-04AB160FCFC2}.Debug|Any CPU.Build.0 = Debug|Any CPU
		{8794E0E4-2029-4AB8-830D-04AB160FCFC2}.Release|Any CPU.ActiveCfg = Release|Any CPU
		{8794E0E4-2029-4AB8-830D-04AB160FCFC2}.Release|Any CPU.Build.0 = Release|Any CPU
		{E955997A-5543-4F99-BF02-57A02B9115DF}.Debug|Any CPU.ActiveCfg = Debug|Any CPU
		{E955997A-5543-4F99-BF02-57A02B9115DF}.Debug|Any CPU.Build.0 = Debug|Any CPU
		{E955997A-5543-4F99-BF02-57A02B9115DF}.Release|Any CPU.ActiveCfg = Release|Any CPU
		{E955997A-5543-4F99-BF02-57A02B9115DF}.Release|Any CPU.Build.0 = Release|Any CPU
		{CAD078FF-FF12-42B1-969C-756AC9162323}.Debug|Any CPU.ActiveCfg = Debug|Any CPU
		{CAD078FF-FF12-42B1-969C-756AC9162323}.Debug|Any CPU.Build.0 = Debug|Any CPU
		{CAD078FF-FF12-42B1-969C-756AC9162323}.Release|Any CPU.ActiveCfg = Release|Any CPU
		{CAD078FF-FF12-42B1-969C-756AC9162323}.Release|Any CPU.Build.0 = Release|Any CPU
		{1C166D87-3869-4E6B-BD94-5B675DCA5573}.Debug|Any CPU.ActiveCfg = Debug|Any CPU
		{1C166D87-3869-4E6B-BD94-5B675DCA5573}.Debug|Any CPU.Build.0 = Debug|Any CPU
		{1C166D87-3869-4E6B-BD94-5B675DCA5573}.Release|Any CPU.ActiveCfg = Release|Any CPU
		{1C166D87-3869-4E6B-BD94-5B675DCA5573}.Release|Any CPU.Build.0 = Release|Any CPU
		{89E3DEED-9BE7-4015-8931-2DE183529D86}.Debug|Any CPU.ActiveCfg = Debug|Any CPU
		{89E3DEED-9BE7-4015-8931-2DE183529D86}.Debug|Any CPU.Build.0 = Debug|Any CPU
		{89E3DEED-9BE7-4015-8931-2DE183529D86}.Release|Any CPU.ActiveCfg = Release|Any CPU
		{89E3DEED-9BE7-4015-8931-2DE183529D86}.Release|Any CPU.Build.0 = Release|Any CPU
		{88856208-4A8E-4280-B085-3B08B2871330}.Debug|Any CPU.ActiveCfg = Debug|Any CPU
		{88856208-4A8E-4280-B085-3B08B2871330}.Debug|Any CPU.Build.0 = Debug|Any CPU
		{88856208-4A8E-4280-B085-3B08B2871330}.Release|Any CPU.ActiveCfg = Release|Any CPU
		{88856208-4A8E-4280-B085-3B08B2871330}.Release|Any CPU.Build.0 = Release|Any CPU
		{95D7E7D2-BF1B-43E2-8F2D-6192243D1312}.Debug|Any CPU.ActiveCfg = Debug|Any CPU
		{95D7E7D2-BF1B-43E2-8F2D-6192243D1312}.Debug|Any CPU.Build.0 = Debug|Any CPU
		{95D7E7D2-BF1B-43E2-8F2D-6192243D1312}.Release|Any CPU.ActiveCfg = Release|Any CPU
		{95D7E7D2-BF1B-43E2-8F2D-6192243D1312}.Release|Any CPU.Build.0 = Release|Any CPU
		{DC06C48B-97BF-42B9-80D9-4DA3AA36E9C1}.Debug|Any CPU.ActiveCfg = Debug|Any CPU
		{DC06C48B-97BF-42B9-80D9-4DA3AA36E9C1}.Debug|Any CPU.Build.0 = Debug|Any CPU
		{DC06C48B-97BF-42B9-80D9-4DA3AA36E9C1}.Release|Any CPU.ActiveCfg = Release|Any CPU
		{DC06C48B-97BF-42B9-80D9-4DA3AA36E9C1}.Release|Any CPU.Build.0 = Release|Any CPU
	EndGlobalSection
	GlobalSection(SolutionProperties) = preSolution
		HideSolutionNode = FALSE
	EndGlobalSection
	GlobalSection(NestedProjects) = preSolution
		{461B7026-0A17-44E9-8DCF-09B8DE204940} = {A7017659-72C8-410C-9C3C-CA81F77CEAC8}
		{804156A9-9126-443E-B5DA-9A701AD742DE} = {0BF4C960-E1DF-4D6C-8BA1-6A9AFB5CBE93}
		{2870D474-8605-4727-94DA-8EE759F7EBA6} = {134BB266-9712-45AD-ADA1-645DE42A68E1}
		{3A7FA480-BD89-4320-8DA4-439D63CEF814} = {134BB266-9712-45AD-ADA1-645DE42A68E1}
		{7273FA8C-D6DE-4AE7-8A3D-6BFE13913A7C} = {134BB266-9712-45AD-ADA1-645DE42A68E1}
		{8794E0E4-2029-4AB8-830D-04AB160FCFC2} = {1329A1A7-18A9-4531-ABE2-766FF8B27CC9}
		{E955997A-5543-4F99-BF02-57A02B9115DF} = {C4D2D456-1162-4E1D-90A8-154308486053}
		{CAD078FF-FF12-42B1-969C-756AC9162323} = {C4D2D456-1162-4E1D-90A8-154308486053}
		{1C166D87-3869-4E6B-BD94-5B675DCA5573} = {C4D2D456-1162-4E1D-90A8-154308486053}
		{89E3DEED-9BE7-4015-8931-2DE183529D86} = {BAD5407B-409A-491A-A754-A6FA891E77AF}
		{88856208-4A8E-4280-B085-3B08B2871330} = {C4D2D456-1162-4E1D-90A8-154308486053}
		{95D7E7D2-BF1B-43E2-8F2D-6192243D1312} = {BAD5407B-409A-491A-A754-A6FA891E77AF}
		{DC06C48B-97BF-42B9-80D9-4DA3AA36E9C1} = {BAD5407B-409A-491A-A754-A6FA891E77AF}
	EndGlobalSection
	GlobalSection(ExtensibilityGlobals) = postSolution
		SolutionGuid = {99B15A89-F831-4CF8-B6A0-3609127D90CC}
	EndGlobalSection
EndGlobal
